
Microsoft Visual Studio Solution File, Format Version 12.00
# Visual Studio 14
VisualStudioVersion = 14.0.25420.1
MinimumVisualStudioVersion = 10.0.40219.1
Project("{A07B5EB6-E848-4116-A8D0-A826331D98C6}") = "demo_azure_service_fabric", "demo-azure-service-fabric\demo_azure_service_fabric.sfproj", "{CF0B6228-0B4A-47A8-A024-1358A56DF726}"
EndProject
Project("{FAE04EC0-301F-11D3-BF4B-00C04F79EFBC}") = "Weather.WeatherService", "Weather.WeatherService\Weather.WeatherService.csproj", "{A65C833F-F162-4758-9E22-E0FE3C35E9F1}"
EndProject
Project("{FAE04EC0-301F-11D3-BF4B-00C04F79EFBC}") = "Weather.Contracts", "Weather.Contracts\Weather.Contracts.csproj", "{FEDD986C-2760-4711-90D7-C9223CA3A9C1}"
EndProject
Project("{FAE04EC0-301F-11D3-BF4B-00C04F79EFBC}") = "Weather.WebApi", "Weather.WebApi\Weather.WebApi.csproj", "{501E49DF-1299-4588-A288-EF62B55AD880}"
EndProject
Global
	GlobalSection(SolutionConfigurationPlatforms) = preSolution
		Debug|Any CPU = Debug|Any CPU
		Debug|x64 = Debug|x64
		Release|Any CPU = Release|Any CPU
		Release|x64 = Release|x64
	EndGlobalSection
	GlobalSection(ProjectConfigurationPlatforms) = postSolution
		{CF0B6228-0B4A-47A8-A024-1358A56DF726}.Debug|Any CPU.ActiveCfg = Debug|x64
		{CF0B6228-0B4A-47A8-A024-1358A56DF726}.Debug|x64.ActiveCfg = Debug|x64
		{CF0B6228-0B4A-47A8-A024-1358A56DF726}.Debug|x64.Build.0 = Debug|x64
		{CF0B6228-0B4A-47A8-A024-1358A56DF726}.Debug|x64.Deploy.0 = Debug|x64
		{CF0B6228-0B4A-47A8-A024-1358A56DF726}.Release|Any CPU.ActiveCfg = Release|x64
		{CF0B6228-0B4A-47A8-A024-1358A56DF726}.Release|x64.ActiveCfg = Release|x64
		{CF0B6228-0B4A-47A8-A024-1358A56DF726}.Release|x64.Build.0 = Release|x64
		{CF0B6228-0B4A-47A8-A024-1358A56DF726}.Release|x64.Deploy.0 = Release|x64
		{A65C833F-F162-4758-9E22-E0FE3C35E9F1}.Debug|Any CPU.ActiveCfg = Debug|x64
		{A65C833F-F162-4758-9E22-E0FE3C35E9F1}.Debug|x64.ActiveCfg = Debug|x64
		{A65C833F-F162-4758-9E22-E0FE3C35E9F1}.Debug|x64.Build.0 = Debug|x64
		{A65C833F-F162-4758-9E22-E0FE3C35E9F1}.Release|Any CPU.ActiveCfg = Release|x64
		{A65C833F-F162-4758-9E22-E0FE3C35E9F1}.Release|x64.ActiveCfg = Release|x64
		{A65C833F-F162-4758-9E22-E0FE3C35E9F1}.Release|x64.Build.0 = Release|x64
		{FEDD986C-2760-4711-90D7-C9223CA3A9C1}.Debug|Any CPU.ActiveCfg = Debug|Any CPU
		{FEDD986C-2760-4711-90D7-C9223CA3A9C1}.Debug|Any CPU.Build.0 = Debug|Any CPU
		{FEDD986C-2760-4711-90D7-C9223CA3A9C1}.Debug|x64.ActiveCfg = Debug|Any CPU
		{FEDD986C-2760-4711-90D7-C9223CA3A9C1}.Debug|x64.Build.0 = Debug|Any CPU
		{FEDD986C-2760-4711-90D7-C9223CA3A9C1}.Release|Any CPU.ActiveCfg = Release|Any CPU
		{FEDD986C-2760-4711-90D7-C9223CA3A9C1}.Release|Any CPU.Build.0 = Release|Any CPU
		{FEDD986C-2760-4711-90D7-C9223CA3A9C1}.Release|x64.ActiveCfg = Release|Any CPU
		{FEDD986C-2760-4711-90D7-C9223CA3A9C1}.Release|x64.Build.0 = Release|Any CPU
		{501E49DF-1299-4588-A288-EF62B55AD880}.Debug|Any CPU.ActiveCfg = Debug|x64
		{501E49DF-1299-4588-A288-EF62B55AD880}.Debug|x64.ActiveCfg = Debug|x64
		{501E49DF-1299-4588-A288-EF62B55AD880}.Debug|x64.Build.0 = Debug|x64
		{501E49DF-1299-4588-A288-EF62B55AD880}.Release|Any CPU.ActiveCfg = Release|x64
		{501E49DF-1299-4588-A288-EF62B55AD880}.Release|x64.ActiveCfg = Release|x64
		{501E49DF-1299-4588-A288-EF62B55AD880}.Release|x64.Build.0 = Release|x64
	EndGlobalSection
	GlobalSection(SolutionProperties) = preSolution
		HideSolutionNode = FALSE
	EndGlobalSection
EndGlobal
